
Microsoft Visual Studio Solution File, Format Version 12.00
# Visual Studio 15
VisualStudioVersion = 15.0.28307.329
MinimumVisualStudioVersion = 10.0.40219.1
Project("{FAE04EC0-301F-11D3-BF4B-00C04F79EFBC}") = "EdFi.Ods.AssessmentBridge.Models.V2", "EdFi.Ods.AssessmentBridge.Models.V2\EdFi.Ods.AssessmentBridge.Models.V2.csproj", "{310A54D0-261B-45C7-973E-188EBC07E170}"
EndProject
Project("{FAE04EC0-301F-11D3-BF4B-00C04F79EFBC}") = "EdFi.Ods.AssessmentBridge.Models.V3", "EdFi.Ods.AssessmentBridge.Models.V3\EdFi.Ods.AssessmentBridge.Models.V3.csproj", "{5B279B47-B648-4ADA-9AFA-200782AB4626}"
EndProject
Project("{FAE04EC0-301F-11D3-BF4B-00C04F79EFBC}") = "EdFi.Ods.AssessmentBridge.Common", "EdFi.Ods.AssessmentBridge.Common\EdFi.Ods.AssessmentBridge.Common.csproj", "{2DD719F8-50DE-48F7-AB1F-16E1E28A5DA3}"
EndProject
Project("{FAE04EC0-301F-11D3-BF4B-00C04F79EFBC}") = "EdFi.Ods.AssessmentBridge.WebApi", "EdFi.Ods.AssessmentBridge.WebApi\EdFi.Ods.AssessmentBridge.WebApi.csproj", "{3A660984-C5C3-4120-B46B-1E8C048639DD}"
EndProject
Project("{FAE04EC0-301F-11D3-BF4B-00C04F79EFBC}") = "EdFi.Ods.AssessmentBridge.Tests", "EdFi.Ods.AssessmentBridge.Tests\EdFi.Ods.AssessmentBridge.Tests.csproj", "{E3FF8F7B-3C5E-421C-905E-ABBE719B680C}"
EndProject
Global
	GlobalSection(SolutionConfigurationPlatforms) = preSolution
		Debug|Any CPU = Debug|Any CPU
		Release|Any CPU = Release|Any CPU
	EndGlobalSection
	GlobalSection(ProjectConfigurationPlatforms) = postSolution
		{310A54D0-261B-45C7-973E-188EBC07E170}.Debug|Any CPU.ActiveCfg = Debug|Any CPU
		{310A54D0-261B-45C7-973E-188EBC07E170}.Debug|Any CPU.Build.0 = Debug|Any CPU
		{310A54D0-261B-45C7-973E-188EBC07E170}.Release|Any CPU.ActiveCfg = Release|Any CPU
		{310A54D0-261B-45C7-973E-188EBC07E170}.Release|Any CPU.Build.0 = Release|Any CPU
		{5B279B47-B648-4ADA-9AFA-200782AB4626}.Debug|Any CPU.ActiveCfg = Debug|Any CPU
		{5B279B47-B648-4ADA-9AFA-200782AB4626}.Debug|Any CPU.Build.0 = Debug|Any CPU
		{5B279B47-B648-4ADA-9AFA-200782AB4626}.Release|Any CPU.ActiveCfg = Release|Any CPU
		{5B279B47-B648-4ADA-9AFA-200782AB4626}.Release|Any CPU.Build.0 = Release|Any CPU
		{2DD719F8-50DE-48F7-AB1F-16E1E28A5DA3}.Debug|Any CPU.ActiveCfg = Debug|Any CPU
		{2DD719F8-50DE-48F7-AB1F-16E1E28A5DA3}.Debug|Any CPU.Build.0 = Debug|Any CPU
		{2DD719F8-50DE-48F7-AB1F-16E1E28A5DA3}.Release|Any CPU.ActiveCfg = Release|Any CPU
		{2DD719F8-50DE-48F7-AB1F-16E1E28A5DA3}.Release|Any CPU.Build.0 = Release|Any CPU
		{3A660984-C5C3-4120-B46B-1E8C048639DD}.Debug|Any CPU.ActiveCfg = Debug|Any CPU
		{3A660984-C5C3-4120-B46B-1E8C048639DD}.Debug|Any CPU.Build.0 = Debug|Any CPU
		{3A660984-C5C3-4120-B46B-1E8C048639DD}.Release|Any CPU.ActiveCfg = Release|Any CPU
		{3A660984-C5C3-4120-B46B-1E8C048639DD}.Release|Any CPU.Build.0 = Release|Any CPU
		{E3FF8F7B-3C5E-421C-905E-ABBE719B680C}.Debug|Any CPU.ActiveCfg = Debug|Any CPU
		{E3FF8F7B-3C5E-421C-905E-ABBE719B680C}.Debug|Any CPU.Build.0 = Debug|Any CPU
		{E3FF8F7B-3C5E-421C-905E-ABBE719B680C}.Release|Any CPU.ActiveCfg = Release|Any CPU
		{E3FF8F7B-3C5E-421C-905E-ABBE719B680C}.Release|Any CPU.Build.0 = Release|Any CPU
	EndGlobalSection
	GlobalSection(SolutionProperties) = preSolution
		HideSolutionNode = FALSE
	EndGlobalSection
	GlobalSection(ExtensibilityGlobals) = postSolution
		SolutionGuid = {4542CA99-4B94-444D-8AF2-6D2BBF6C1A7B}
	EndGlobalSection
EndGlobal
